
Microsoft Visual Studio Solution File, Format Version 12.00
# Visual Studio 2013
VisualStudioVersion = 12.0.30324.0
MinimumVisualStudioVersion = 10.0.40219.1
Project("{FAE04EC0-301F-11D3-BF4B-00C04F79EFBC}") = "XamarinXmlSerialize.WPF", "XamarinXmlSerialize.WPF\XamarinXmlSerialize.WPF.csproj", "{56CC83B3-E3EA-4EF2-9033-385322B2A46A}"
EndProject
Project("{FAE04EC0-301F-11D3-BF4B-00C04F79EFBC}") = "XamarinXmlSerialize.Core", "XamarinXmlSerialize.Core\XamarinXmlSerialize.Core.csproj", "{30E19A54-F088-49AD-A85D-C63DC6A5389D}"
EndProject
Project("{FAE04EC0-301F-11D3-BF4B-00C04F79EFBC}") = "XamarinXmlSerialize.Win8", "XamarinXmlSerialize.Win8\XamarinXmlSerialize.Win8.csproj", "{E79114E3-31AC-4DE3-BC60-3A848FFA7F9A}"
EndProject
Project("{FAE04EC0-301F-11D3-BF4B-00C04F79EFBC}") = "XamarinXmlSerialize.Android", "XamarinXmlSerialize.Android\XamarinXmlSerialize.Android.csproj", "{051B4AE0-49DD-4552-A4FD-59FB001C1262}"
EndProject
Project("{FAE04EC0-301F-11D3-BF4B-00C04F79EFBC}") = "XamarinXmlSerialize.iOS", "XamarinXmlSerialize.iOS\XamarinXmlSerialize.iOS.csproj", "{8150D461-9F6F-4DA1-A8FC-297ED664D224}"
EndProject
Project("{2150E333-8FDC-42A3-9474-1A3956D46DE8}") = "XamarinXmlSerialize.Uni", "XamarinXmlSerialize.Uni", "{904733E9-C363-46DA-9ADF-BC1C25E17966}"
EndProject
Project("{D954291E-2A0B-460D-934E-DC6B0785DB48}") = "XamarinXmlSerialize.Uni.Shared", "XamarinXmlSerialize.Uni\XamarinXmlSerialize.Uni.Shared\XamarinXmlSerialize.Uni.Shared.shproj", "{DB98FE0B-5EEC-45F1-88B6-561ED77DEC2A}"
EndProject
Project("{FAE04EC0-301F-11D3-BF4B-00C04F79EFBC}") = "XamarinXmlSerialize.Uni.Windows", "XamarinXmlSerialize.Uni\XamarinXmlSerialize.Uni.Windows\XamarinXmlSerialize.Uni.Windows.csproj", "{F60EF40D-84CF-4967-A4EF-4A2D49A3A477}"
EndProject
Project("{FAE04EC0-301F-11D3-BF4B-00C04F79EFBC}") = "XamarinXmlSerialize.Uni.WindowsPhone", "XamarinXmlSerialize.Uni\XamarinXmlSerialize.Uni.WindowsPhone\XamarinXmlSerialize.Uni.WindowsPhone.csproj", "{BB7E82A4-24B0-40F2-AC2A-09B52D28C369}"
EndProject
Global
	GlobalSection(SharedMSBuildProjectFiles) = preSolution
		XamarinXmlSerialize.Uni\XamarinXmlSerialize.Uni.Shared\XamarinXmlSerialize.Uni.Shared.projitems*{bb7e82a4-24b0-40f2-ac2a-09b52d28c369}*SharedItemsImports = 4
		XamarinXmlSerialize.Uni\XamarinXmlSerialize.Uni.Shared\XamarinXmlSerialize.Uni.Shared.projitems*{db98fe0b-5eec-45f1-88b6-561ed77dec2a}*SharedItemsImports = 13
		XamarinXmlSerialize.Uni\XamarinXmlSerialize.Uni.Shared\XamarinXmlSerialize.Uni.Shared.projitems*{f60ef40d-84cf-4967-a4ef-4a2d49a3a477}*SharedItemsImports = 4
	EndGlobalSection
	GlobalSection(SolutionConfigurationPlatforms) = preSolution
		Ad-Hoc|Any CPU = Ad-Hoc|Any CPU
		Ad-Hoc|ARM = Ad-Hoc|ARM
		Ad-Hoc|iPhone = Ad-Hoc|iPhone
		Ad-Hoc|iPhoneSimulator = Ad-Hoc|iPhoneSimulator
		Ad-Hoc|Mixed Platforms = Ad-Hoc|Mixed Platforms
		Ad-Hoc|x64 = Ad-Hoc|x64
		Ad-Hoc|x86 = Ad-Hoc|x86
		AppStore|Any CPU = AppStore|Any CPU
		AppStore|ARM = AppStore|ARM
		AppStore|iPhone = AppStore|iPhone
		AppStore|iPhoneSimulator = AppStore|iPhoneSimulator
		AppStore|Mixed Platforms = AppStore|Mixed Platforms
		AppStore|x64 = AppStore|x64
		AppStore|x86 = AppStore|x86
		Debug|Any CPU = Debug|Any CPU
		Debug|ARM = Debug|ARM
		Debug|iPhone = Debug|iPhone
		Debug|iPhoneSimulator = Debug|iPhoneSimulator
		Debug|Mixed Platforms = Debug|Mixed Platforms
		Debug|x64 = Debug|x64
		Debug|x86 = Debug|x86
		Release|Any CPU = Release|Any CPU
		Release|ARM = Release|ARM
		Release|iPhone = Release|iPhone
		Release|iPhoneSimulator = Release|iPhoneSimulator
		Release|Mixed Platforms = Release|Mixed Platforms
		Release|x64 = Release|x64
		Release|x86 = Release|x86
	EndGlobalSection
	GlobalSection(ProjectConfigurationPlatforms) = postSolution
		{56CC83B3-E3EA-4EF2-9033-385322B2A46A}.Ad-Hoc|Any CPU.ActiveCfg = Release|Any CPU
		{56CC83B3-E3EA-4EF2-9033-385322B2A46A}.Ad-Hoc|Any CPU.Build.0 = Release|Any CPU
		{56CC83B3-E3EA-4EF2-9033-385322B2A46A}.Ad-Hoc|ARM.ActiveCfg = Release|Any CPU
		{56CC83B3-E3EA-4EF2-9033-385322B2A46A}.Ad-Hoc|iPhone.ActiveCfg = Release|Any CPU
		{56CC83B3-E3EA-4EF2-9033-385322B2A46A}.Ad-Hoc|iPhoneSimulator.ActiveCfg = Release|Any CPU
		{56CC83B3-E3EA-4EF2-9033-385322B2A46A}.Ad-Hoc|Mixed Platforms.ActiveCfg = Release|Any CPU
		{56CC83B3-E3EA-4EF2-9033-385322B2A46A}.Ad-Hoc|Mixed Platforms.Build.0 = Release|Any CPU
		{56CC83B3-E3EA-4EF2-9033-385322B2A46A}.Ad-Hoc|x64.ActiveCfg = Release|Any CPU
		{56CC83B3-E3EA-4EF2-9033-385322B2A46A}.Ad-Hoc|x86.ActiveCfg = Release|Any CPU
		{56CC83B3-E3EA-4EF2-9033-385322B2A46A}.AppStore|Any CPU.ActiveCfg = Release|Any CPU
		{56CC83B3-E3EA-4EF2-9033-385322B2A46A}.AppStore|Any CPU.Build.0 = Release|Any CPU
		{56CC83B3-E3EA-4EF2-9033-385322B2A46A}.AppStore|ARM.ActiveCfg = Release|Any CPU
		{56CC83B3-E3EA-4EF2-9033-385322B2A46A}.AppStore|iPhone.ActiveCfg = Release|Any CPU
		{56CC83B3-E3EA-4EF2-9033-385322B2A46A}.AppStore|iPhoneSimulator.ActiveCfg = Release|Any CPU
		{56CC83B3-E3EA-4EF2-9033-385322B2A46A}.AppStore|Mixed Platforms.ActiveCfg = Release|Any CPU
		{56CC83B3-E3EA-4EF2-9033-385322B2A46A}.AppStore|Mixed Platforms.Build.0 = Release|Any CPU
		{56CC83B3-E3EA-4EF2-9033-385322B2A46A}.AppStore|x64.ActiveCfg = Release|Any CPU
		{56CC83B3-E3EA-4EF2-9033-385322B2A46A}.AppStore|x86.ActiveCfg = Release|Any CPU
		{56CC83B3-E3EA-4EF2-9033-385322B2A46A}.Debug|Any CPU.ActiveCfg = Debug|Any CPU
		{56CC83B3-E3EA-4EF2-9033-385322B2A46A}.Debug|Any CPU.Build.0 = Debug|Any CPU
		{56CC83B3-E3EA-4EF2-9033-385322B2A46A}.Debug|ARM.ActiveCfg = Debug|Any CPU
		{56CC83B3-E3EA-4EF2-9033-385322B2A46A}.Debug|iPhone.ActiveCfg = Debug|Any CPU
		{56CC83B3-E3EA-4EF2-9033-385322B2A46A}.Debug|iPhoneSimulator.ActiveCfg = Debug|Any CPU
		{56CC83B3-E3EA-4EF2-9033-385322B2A46A}.Debug|Mixed Platforms.ActiveCfg = Debug|Any CPU
		{56CC83B3-E3EA-4EF2-9033-385322B2A46A}.Debug|Mixed Platforms.Build.0 = Debug|Any CPU
		{56CC83B3-E3EA-4EF2-9033-385322B2A46A}.Debug|x64.ActiveCfg = Debug|Any CPU
		{56CC83B3-E3EA-4EF2-9033-385322B2A46A}.Debug|x86.ActiveCfg = Debug|Any CPU
		{56CC83B3-E3EA-4EF2-9033-385322B2A46A}.Release|Any CPU.ActiveCfg = Release|Any CPU
		{56CC83B3-E3EA-4EF2-9033-385322B2A46A}.Release|Any CPU.Build.0 = Release|Any CPU
		{56CC83B3-E3EA-4EF2-9033-385322B2A46A}.Release|ARM.ActiveCfg = Release|Any CPU
		{56CC83B3-E3EA-4EF2-9033-385322B2A46A}.Release|iPhone.ActiveCfg = Release|Any CPU
		{56CC83B3-E3EA-4EF2-9033-385322B2A46A}.Release|iPhoneSimulator.ActiveCfg = Release|Any CPU
		{56CC83B3-E3EA-4EF2-9033-385322B2A46A}.Release|Mixed Platforms.ActiveCfg = Release|Any CPU
		{56CC83B3-E3EA-4EF2-9033-385322B2A46A}.Release|Mixed Platforms.Build.0 = Release|Any CPU
		{56CC83B3-E3EA-4EF2-9033-385322B2A46A}.Release|x64.ActiveCfg = Release|Any CPU
		{56CC83B3-E3EA-4EF2-9033-385322B2A46A}.Release|x86.ActiveCfg = Release|Any CPU
		{30E19A54-F088-49AD-A85D-C63DC6A5389D}.Ad-Hoc|Any CPU.ActiveCfg = Release|Any CPU
		{30E19A54-F088-49AD-A85D-C63DC6A5389D}.Ad-Hoc|Any CPU.Build.0 = Release|Any CPU
		{30E19A54-F088-49AD-A85D-C63DC6A5389D}.Ad-Hoc|ARM.ActiveCfg = Release|Any CPU
		{30E19A54-F088-49AD-A85D-C63DC6A5389D}.Ad-Hoc|iPhone.ActiveCfg = Release|Any CPU
		{30E19A54-F088-49AD-A85D-C63DC6A5389D}.Ad-Hoc|iPhoneSimulator.ActiveCfg = Release|Any CPU
		{30E19A54-F088-49AD-A85D-C63DC6A5389D}.Ad-Hoc|Mixed Platforms.ActiveCfg = Release|Any CPU
		{30E19A54-F088-49AD-A85D-C63DC6A5389D}.Ad-Hoc|Mixed Platforms.Build.0 = Release|Any CPU
		{30E19A54-F088-49AD-A85D-C63DC6A5389D}.Ad-Hoc|x64.ActiveCfg = Release|Any CPU
		{30E19A54-F088-49AD-A85D-C63DC6A5389D}.Ad-Hoc|x86.ActiveCfg = Release|Any CPU
		{30E19A54-F088-49AD-A85D-C63DC6A5389D}.AppStore|Any CPU.ActiveCfg = Release|Any CPU
		{30E19A54-F088-49AD-A85D-C63DC6A5389D}.AppStore|Any CPU.Build.0 = Release|Any CPU
		{30E19A54-F088-49AD-A85D-C63DC6A5389D}.AppStore|ARM.ActiveCfg = Release|Any CPU
		{30E19A54-F088-49AD-A85D-C63DC6A5389D}.AppStore|iPhone.ActiveCfg = Release|Any CPU
		{30E19A54-F088-49AD-A85D-C63DC6A5389D}.AppStore|iPhoneSimulator.ActiveCfg = Release|Any CPU
		{30E19A54-F088-49AD-A85D-C63DC6A5389D}.AppStore|Mixed Platforms.ActiveCfg = Release|Any CPU
		{30E19A54-F088-49AD-A85D-C63DC6A5389D}.AppStore|Mixed Platforms.Build.0 = Release|Any CPU
		{30E19A54-F088-49AD-A85D-C63DC6A5389D}.AppStore|x64.ActiveCfg = Release|Any CPU
		{30E19A54-F088-49AD-A85D-C63DC6A5389D}.AppStore|x86.ActiveCfg = Release|Any CPU
		{30E19A54-F088-49AD-A85D-C63DC6A5389D}.Debug|Any CPU.ActiveCfg = Debug|Any CPU
		{30E19A54-F088-49AD-A85D-C63DC6A5389D}.Debug|Any CPU.Build.0 = Debug|Any CPU
		{30E19A54-F088-49AD-A85D-C63DC6A5389D}.Debug|ARM.ActiveCfg = Debug|Any CPU
		{30E19A54-F088-49AD-A85D-C63DC6A5389D}.Debug|iPhone.ActiveCfg = Debug|Any CPU
		{30E19A54-F088-49AD-A85D-C63DC6A5389D}.Debug|iPhoneSimulator.ActiveCfg = Debug|Any CPU
		{30E19A54-F088-49AD-A85D-C63DC6A5389D}.Debug|iPhoneSimulator.Build.0 = Debug|Any CPU
		{30E19A54-F088-49AD-A85D-C63DC6A5389D}.Debug|Mixed Platforms.ActiveCfg = Debug|Any CPU
		{30E19A54-F088-49AD-A85D-C63DC6A5389D}.Debug|Mixed Platforms.Build.0 = Debug|Any CPU
		{30E19A54-F088-49AD-A85D-C63DC6A5389D}.Debug|x64.ActiveCfg = Debug|Any CPU
		{30E19A54-F088-49AD-A85D-C63DC6A5389D}.Debug|x86.ActiveCfg = Debug|Any CPU
		{30E19A54-F088-49AD-A85D-C63DC6A5389D}.Release|Any CPU.ActiveCfg = Release|Any CPU
		{30E19A54-F088-49AD-A85D-C63DC6A5389D}.Release|Any CPU.Build.0 = Release|Any CPU
		{30E19A54-F088-49AD-A85D-C63DC6A5389D}.Release|ARM.ActiveCfg = Release|Any CPU
		{30E19A54-F088-49AD-A85D-C63DC6A5389D}.Release|iPhone.ActiveCfg = Release|Any CPU
		{30E19A54-F088-49AD-A85D-C63DC6A5389D}.Release|iPhoneSimulator.ActiveCfg = Release|Any CPU
		{30E19A54-F088-49AD-A85D-C63DC6A5389D}.Release|Mixed Platforms.ActiveCfg = Release|Any CPU
		{30E19A54-F088-49AD-A85D-C63DC6A5389D}.Release|Mixed Platforms.Build.0 = Release|Any CPU
		{30E19A54-F088-49AD-A85D-C63DC6A5389D}.Release|x64.ActiveCfg = Release|Any CPU
		{30E19A54-F088-49AD-A85D-C63DC6A5389D}.Release|x86.ActiveCfg = Release|Any CPU
		{E79114E3-31AC-4DE3-BC60-3A848FFA7F9A}.Ad-Hoc|Any CPU.ActiveCfg = Release|Any CPU
		{E79114E3-31AC-4DE3-BC60-3A848FFA7F9A}.Ad-Hoc|Any CPU.Build.0 = Release|Any CPU
		{E79114E3-31AC-4DE3-BC60-3A848FFA7F9A}.Ad-Hoc|Any CPU.Deploy.0 = Release|Any CPU
		{E79114E3-31AC-4DE3-BC60-3A848FFA7F9A}.Ad-Hoc|ARM.ActiveCfg = Release|ARM
		{E79114E3-31AC-4DE3-BC60-3A848FFA7F9A}.Ad-Hoc|ARM.Build.0 = Release|ARM
		{E79114E3-31AC-4DE3-BC60-3A848FFA7F9A}.Ad-Hoc|ARM.Deploy.0 = Release|ARM
		{E79114E3-31AC-4DE3-BC60-3A848FFA7F9A}.Ad-Hoc|iPhone.ActiveCfg = Release|Any CPU
		{E79114E3-31AC-4DE3-BC60-3A848FFA7F9A}.Ad-Hoc|iPhoneSimulator.ActiveCfg = Release|Any CPU
		{E79114E3-31AC-4DE3-BC60-3A848FFA7F9A}.Ad-Hoc|Mixed Platforms.ActiveCfg = Release|x86
		{E79114E3-31AC-4DE3-BC60-3A848FFA7F9A}.Ad-Hoc|Mixed Platforms.Build.0 = Release|x86
		{E79114E3-31AC-4DE3-BC60-3A848FFA7F9A}.Ad-Hoc|Mixed Platforms.Deploy.0 = Release|x86
		{E79114E3-31AC-4DE3-BC60-3A848FFA7F9A}.Ad-Hoc|x64.ActiveCfg = Release|x64
		{E79114E3-31AC-4DE3-BC60-3A848FFA7F9A}.Ad-Hoc|x64.Build.0 = Release|x64
		{E79114E3-31AC-4DE3-BC60-3A848FFA7F9A}.Ad-Hoc|x64.Deploy.0 = Release|x64
		{E79114E3-31AC-4DE3-BC60-3A848FFA7F9A}.Ad-Hoc|x86.ActiveCfg = Release|x86
		{E79114E3-31AC-4DE3-BC60-3A848FFA7F9A}.Ad-Hoc|x86.Build.0 = Release|x86
		{E79114E3-31AC-4DE3-BC60-3A848FFA7F9A}.Ad-Hoc|x86.Deploy.0 = Release|x86
		{E79114E3-31AC-4DE3-BC60-3A848FFA7F9A}.AppStore|Any CPU.ActiveCfg = Release|Any CPU
		{E79114E3-31AC-4DE3-BC60-3A848FFA7F9A}.AppStore|Any CPU.Build.0 = Release|Any CPU
		{E79114E3-31AC-4DE3-BC60-3A848FFA7F9A}.AppStore|Any CPU.Deploy.0 = Release|Any CPU
		{E79114E3-31AC-4DE3-BC60-3A848FFA7F9A}.AppStore|ARM.ActiveCfg = Release|ARM
		{E79114E3-31AC-4DE3-BC60-3A848FFA7F9A}.AppStore|ARM.Build.0 = Release|ARM
		{E79114E3-31AC-4DE3-BC60-3A848FFA7F9A}.AppStore|ARM.Deploy.0 = Release|ARM
		{E79114E3-31AC-4DE3-BC60-3A848FFA7F9A}.AppStore|iPhone.ActiveCfg = Release|Any CPU
		{E79114E3-31AC-4DE3-BC60-3A848FFA7F9A}.AppStore|iPhoneSimulator.ActiveCfg = Release|Any CPU
		{E79114E3-31AC-4DE3-BC60-3A848FFA7F9A}.AppStore|Mixed Platforms.ActiveCfg = Release|x86
		{E79114E3-31AC-4DE3-BC60-3A848FFA7F9A}.AppStore|Mixed Platforms.Build.0 = Release|x86
		{E79114E3-31AC-4DE3-BC60-3A848FFA7F9A}.AppStore|Mixed Platforms.Deploy.0 = Release|x86
		{E79114E3-31AC-4DE3-BC60-3A848FFA7F9A}.AppStore|x64.ActiveCfg = Release|x64
		{E79114E3-31AC-4DE3-BC60-3A848FFA7F9A}.AppStore|x64.Build.0 = Release|x64
		{E79114E3-31AC-4DE3-BC60-3A848FFA7F9A}.AppStore|x64.Deploy.0 = Release|x64
		{E79114E3-31AC-4DE3-BC60-3A848FFA7F9A}.AppStore|x86.ActiveCfg = Release|x86
		{E79114E3-31AC-4DE3-BC60-3A848FFA7F9A}.AppStore|x86.Build.0 = Release|x86
		{E79114E3-31AC-4DE3-BC60-3A848FFA7F9A}.AppStore|x86.Deploy.0 = Release|x86
		{E79114E3-31AC-4DE3-BC60-3A848FFA7F9A}.Debug|Any CPU.ActiveCfg = Debug|Any CPU
		{E79114E3-31AC-4DE3-BC60-3A848FFA7F9A}.Debug|Any CPU.Build.0 = Debug|Any CPU
		{E79114E3-31AC-4DE3-BC60-3A848FFA7F9A}.Debug|Any CPU.Deploy.0 = Debug|Any CPU
		{E79114E3-31AC-4DE3-BC60-3A848FFA7F9A}.Debug|ARM.ActiveCfg = Debug|ARM
		{E79114E3-31AC-4DE3-BC60-3A848FFA7F9A}.Debug|ARM.Build.0 = Debug|ARM
		{E79114E3-31AC-4DE3-BC60-3A848FFA7F9A}.Debug|ARM.Deploy.0 = Debug|ARM
		{E79114E3-31AC-4DE3-BC60-3A848FFA7F9A}.Debug|iPhone.ActiveCfg = Debug|Any CPU
		{E79114E3-31AC-4DE3-BC60-3A848FFA7F9A}.Debug|iPhoneSimulator.ActiveCfg = Debug|Any CPU
		{E79114E3-31AC-4DE3-BC60-3A848FFA7F9A}.Debug|Mixed Platforms.ActiveCfg = Debug|x86
		{E79114E3-31AC-4DE3-BC60-3A848FFA7F9A}.Debug|Mixed Platforms.Build.0 = Debug|x86
		{E79114E3-31AC-4DE3-BC60-3A848FFA7F9A}.Debug|Mixed Platforms.Deploy.0 = Debug|x86
		{E79114E3-31AC-4DE3-BC60-3A848FFA7F9A}.Debug|x64.ActiveCfg = Debug|x64
		{E79114E3-31AC-4DE3-BC60-3A848FFA7F9A}.Debug|x64.Build.0 = Debug|x64
		{E79114E3-31AC-4DE3-BC60-3A848FFA7F9A}.Debug|x64.Deploy.0 = Debug|x64
		{E79114E3-31AC-4DE3-BC60-3A848FFA7F9A}.Debug|x86.ActiveCfg = Debug|x86
		{E79114E3-31AC-4DE3-BC60-3A848FFA7F9A}.Debug|x86.Build.0 = Debug|x86
		{E79114E3-31AC-4DE3-BC60-3A848FFA7F9A}.Debug|x86.Deploy.0 = Debug|x86
		{E79114E3-31AC-4DE3-BC60-3A848FFA7F9A}.Release|Any CPU.ActiveCfg = Release|Any CPU
		{E79114E3-31AC-4DE3-BC60-3A848FFA7F9A}.Release|Any CPU.Build.0 = Release|Any CPU
		{E79114E3-31AC-4DE3-BC60-3A848FFA7F9A}.Release|Any CPU.Deploy.0 = Release|Any CPU
		{E79114E3-31AC-4DE3-BC60-3A848FFA7F9A}.Release|ARM.ActiveCfg = Release|ARM
		{E79114E3-31AC-4DE3-BC60-3A848FFA7F9A}.Release|ARM.Build.0 = Release|ARM
		{E79114E3-31AC-4DE3-BC60-3A848FFA7F9A}.Release|ARM.Deploy.0 = Release|ARM
		{E79114E3-31AC-4DE3-BC60-3A848FFA7F9A}.Release|iPhone.ActiveCfg = Release|Any CPU
		{E79114E3-31AC-4DE3-BC60-3A848FFA7F9A}.Release|iPhoneSimulator.ActiveCfg = Release|Any CPU
		{E79114E3-31AC-4DE3-BC60-3A848FFA7F9A}.Release|Mixed Platforms.ActiveCfg = Release|x86
		{E79114E3-31AC-4DE3-BC60-3A848FFA7F9A}.Release|Mixed Platforms.Build.0 = Release|x86
		{E79114E3-31AC-4DE3-BC60-3A848FFA7F9A}.Release|Mixed Platforms.Deploy.0 = Release|x86
		{E79114E3-31AC-4DE3-BC60-3A848FFA7F9A}.Release|x64.ActiveCfg = Release|x64
		{E79114E3-31AC-4DE3-BC60-3A848FFA7F9A}.Release|x64.Build.0 = Release|x64
		{E79114E3-31AC-4DE3-BC60-3A848FFA7F9A}.Release|x64.Deploy.0 = Release|x64
		{E79114E3-31AC-4DE3-BC60-3A848FFA7F9A}.Release|x86.ActiveCfg = Release|x86
		{E79114E3-31AC-4DE3-BC60-3A848FFA7F9A}.Release|x86.Build.0 = Release|x86
		{E79114E3-31AC-4DE3-BC60-3A848FFA7F9A}.Release|x86.Deploy.0 = Release|x86
		{051B4AE0-49DD-4552-A4FD-59FB001C1262}.Ad-Hoc|Any CPU.ActiveCfg = Release|Any CPU
		{051B4AE0-49DD-4552-A4FD-59FB001C1262}.Ad-Hoc|Any CPU.Build.0 = Release|Any CPU
		{051B4AE0-49DD-4552-A4FD-59FB001C1262}.Ad-Hoc|Any CPU.Deploy.0 = Release|Any CPU
		{051B4AE0-49DD-4552-A4FD-59FB001C1262}.Ad-Hoc|ARM.ActiveCfg = Release|Any CPU
		{051B4AE0-49DD-4552-A4FD-59FB001C1262}.Ad-Hoc|iPhone.ActiveCfg = Release|Any CPU
		{051B4AE0-49DD-4552-A4FD-59FB001C1262}.Ad-Hoc|iPhoneSimulator.ActiveCfg = Release|Any CPU
		{051B4AE0-49DD-4552-A4FD-59FB001C1262}.Ad-Hoc|Mixed Platforms.ActiveCfg = Release|Any CPU
		{051B4AE0-49DD-4552-A4FD-59FB001C1262}.Ad-Hoc|Mixed Platforms.Build.0 = Release|Any CPU
		{051B4AE0-49DD-4552-A4FD-59FB001C1262}.Ad-Hoc|Mixed Platforms.Deploy.0 = Release|Any CPU
		{051B4AE0-49DD-4552-A4FD-59FB001C1262}.Ad-Hoc|x64.ActiveCfg = Release|Any CPU
		{051B4AE0-49DD-4552-A4FD-59FB001C1262}.Ad-Hoc|x86.ActiveCfg = Release|Any CPU
		{051B4AE0-49DD-4552-A4FD-59FB001C1262}.AppStore|Any CPU.ActiveCfg = Release|Any CPU
		{051B4AE0-49DD-4552-A4FD-59FB001C1262}.AppStore|Any CPU.Build.0 = Release|Any CPU
		{051B4AE0-49DD-4552-A4FD-59FB001C1262}.AppStore|Any CPU.Deploy.0 = Release|Any CPU
		{051B4AE0-49DD-4552-A4FD-59FB001C1262}.AppStore|ARM.ActiveCfg = Release|Any CPU
		{051B4AE0-49DD-4552-A4FD-59FB001C1262}.AppStore|iPhone.ActiveCfg = Release|Any CPU
		{051B4AE0-49DD-4552-A4FD-59FB001C1262}.AppStore|iPhoneSimulator.ActiveCfg = Release|Any CPU
		{051B4AE0-49DD-4552-A4FD-59FB001C1262}.AppStore|Mixed Platforms.ActiveCfg = Release|Any CPU
		{051B4AE0-49DD-4552-A4FD-59FB001C1262}.AppStore|Mixed Platforms.Build.0 = Release|Any CPU
		{051B4AE0-49DD-4552-A4FD-59FB001C1262}.AppStore|Mixed Platforms.Deploy.0 = Release|Any CPU
		{051B4AE0-49DD-4552-A4FD-59FB001C1262}.AppStore|x64.ActiveCfg = Release|Any CPU
		{051B4AE0-49DD-4552-A4FD-59FB001C1262}.AppStore|x86.ActiveCfg = Release|Any CPU
		{051B4AE0-49DD-4552-A4FD-59FB001C1262}.Debug|Any CPU.ActiveCfg = Debug|Any CPU
		{051B4AE0-49DD-4552-A4FD-59FB001C1262}.Debug|Any CPU.Build.0 = Debug|Any CPU
		{051B4AE0-49DD-4552-A4FD-59FB001C1262}.Debug|Any CPU.Deploy.0 = Debug|Any CPU
		{051B4AE0-49DD-4552-A4FD-59FB001C1262}.Debug|ARM.ActiveCfg = Debug|Any CPU
		{051B4AE0-49DD-4552-A4FD-59FB001C1262}.Debug|iPhone.ActiveCfg = Debug|Any CPU
		{051B4AE0-49DD-4552-A4FD-59FB001C1262}.Debug|iPhoneSimulator.ActiveCfg = Debug|Any CPU
		{051B4AE0-49DD-4552-A4FD-59FB001C1262}.Debug|Mixed Platforms.ActiveCfg = Debug|Any CPU
		{051B4AE0-49DD-4552-A4FD-59FB001C1262}.Debug|Mixed Platforms.Build.0 = Debug|Any CPU
		{051B4AE0-49DD-4552-A4FD-59FB001C1262}.Debug|Mixed Platforms.Deploy.0 = Debug|Any CPU
		{051B4AE0-49DD-4552-A4FD-59FB001C1262}.Debug|x64.ActiveCfg = Debug|Any CPU
		{051B4AE0-49DD-4552-A4FD-59FB001C1262}.Debug|x86.ActiveCfg = Debug|Any CPU
		{051B4AE0-49DD-4552-A4FD-59FB001C1262}.Release|Any CPU.ActiveCfg = Release|Any CPU
		{051B4AE0-49DD-4552-A4FD-59FB001C1262}.Release|Any CPU.Build.0 = Release|Any CPU
		{051B4AE0-49DD-4552-A4FD-59FB001C1262}.Release|Any CPU.Deploy.0 = Release|Any CPU
		{051B4AE0-49DD-4552-A4FD-59FB001C1262}.Release|ARM.ActiveCfg = Release|Any CPU
		{051B4AE0-49DD-4552-A4FD-59FB001C1262}.Release|iPhone.ActiveCfg = Release|Any CPU
		{051B4AE0-49DD-4552-A4FD-59FB001C1262}.Release|iPhoneSimulator.ActiveCfg = Release|Any CPU
		{051B4AE0-49DD-4552-A4FD-59FB001C1262}.Release|Mixed Platforms.ActiveCfg = Release|Any CPU
		{051B4AE0-49DD-4552-A4FD-59FB001C1262}.Release|Mixed Platforms.Build.0 = Release|Any CPU
		{051B4AE0-49DD-4552-A4FD-59FB001C1262}.Release|Mixed Platforms.Deploy.0 = Release|Any CPU
		{051B4AE0-49DD-4552-A4FD-59FB001C1262}.Release|x64.ActiveCfg = Release|Any CPU
		{051B4AE0-49DD-4552-A4FD-59FB001C1262}.Release|x86.ActiveCfg = Release|Any CPU
		{8150D461-9F6F-4DA1-A8FC-297ED664D224}.Ad-Hoc|Any CPU.ActiveCfg = Ad-Hoc|iPhone
		{8150D461-9F6F-4DA1-A8FC-297ED664D224}.Ad-Hoc|ARM.ActiveCfg = Ad-Hoc|iPhone
		{8150D461-9F6F-4DA1-A8FC-297ED664D224}.Ad-Hoc|iPhone.ActiveCfg = Ad-Hoc|iPhone
		{8150D461-9F6F-4DA1-A8FC-297ED664D224}.Ad-Hoc|iPhone.Build.0 = Ad-Hoc|iPhone
		{8150D461-9F6F-4DA1-A8FC-297ED664D224}.Ad-Hoc|iPhone.Deploy.0 = Ad-Hoc|iPhone
		{8150D461-9F6F-4DA1-A8FC-297ED664D224}.Ad-Hoc|iPhoneSimulator.ActiveCfg = Ad-Hoc|iPhoneSimulator
		{8150D461-9F6F-4DA1-A8FC-297ED664D224}.Ad-Hoc|iPhoneSimulator.Build.0 = Ad-Hoc|iPhoneSimulator
		{8150D461-9F6F-4DA1-A8FC-297ED664D224}.Ad-Hoc|iPhoneSimulator.Deploy.0 = Ad-Hoc|iPhoneSimulator
		{8150D461-9F6F-4DA1-A8FC-297ED664D224}.Ad-Hoc|Mixed Platforms.ActiveCfg = Ad-Hoc|iPhone
		{8150D461-9F6F-4DA1-A8FC-297ED664D224}.Ad-Hoc|Mixed Platforms.Build.0 = Ad-Hoc|iPhone
		{8150D461-9F6F-4DA1-A8FC-297ED664D224}.Ad-Hoc|Mixed Platforms.Deploy.0 = Ad-Hoc|iPhone
		{8150D461-9F6F-4DA1-A8FC-297ED664D224}.Ad-Hoc|x64.ActiveCfg = Ad-Hoc|iPhone
		{8150D461-9F6F-4DA1-A8FC-297ED664D224}.Ad-Hoc|x86.ActiveCfg = Ad-Hoc|iPhone
		{8150D461-9F6F-4DA1-A8FC-297ED664D224}.AppStore|Any CPU.ActiveCfg = AppStore|iPhone
		{8150D461-9F6F-4DA1-A8FC-297ED664D224}.AppStore|ARM.ActiveCfg = AppStore|iPhone
		{8150D461-9F6F-4DA1-A8FC-297ED664D224}.AppStore|iPhone.ActiveCfg = AppStore|iPhone
		{8150D461-9F6F-4DA1-A8FC-297ED664D224}.AppStore|iPhone.Build.0 = AppStore|iPhone
		{8150D461-9F6F-4DA1-A8FC-297ED664D224}.AppStore|iPhone.Deploy.0 = AppStore|iPhone
		{8150D461-9F6F-4DA1-A8FC-297ED664D224}.AppStore|iPhoneSimulator.ActiveCfg = AppStore|iPhoneSimulator
		{8150D461-9F6F-4DA1-A8FC-297ED664D224}.AppStore|iPhoneSimulator.Build.0 = AppStore|iPhoneSimulator
		{8150D461-9F6F-4DA1-A8FC-297ED664D224}.AppStore|iPhoneSimulator.Deploy.0 = AppStore|iPhoneSimulator
		{8150D461-9F6F-4DA1-A8FC-297ED664D224}.AppStore|Mixed Platforms.ActiveCfg = AppStore|iPhone
		{8150D461-9F6F-4DA1-A8FC-297ED664D224}.AppStore|Mixed Platforms.Build.0 = AppStore|iPhone
		{8150D461-9F6F-4DA1-A8FC-297ED664D224}.AppStore|Mixed Platforms.Deploy.0 = AppStore|iPhone
		{8150D461-9F6F-4DA1-A8FC-297ED664D224}.AppStore|x64.ActiveCfg = AppStore|iPhone
		{8150D461-9F6F-4DA1-A8FC-297ED664D224}.AppStore|x86.ActiveCfg = AppStore|iPhone
		{8150D461-9F6F-4DA1-A8FC-297ED664D224}.Debug|Any CPU.ActiveCfg = Debug|iPhone
		{8150D461-9F6F-4DA1-A8FC-297ED664D224}.Debug|ARM.ActiveCfg = Debug|iPhone
		{8150D461-9F6F-4DA1-A8FC-297ED664D224}.Debug|iPhone.ActiveCfg = Debug|iPhone
		{8150D461-9F6F-4DA1-A8FC-297ED664D224}.Debug|iPhone.Build.0 = Debug|iPhone
		{8150D461-9F6F-4DA1-A8FC-297ED664D224}.Debug|iPhone.Deploy.0 = Debug|iPhone
		{8150D461-9F6F-4DA1-A8FC-297ED664D224}.Debug|iPhoneSimulator.ActiveCfg = Debug|iPhoneSimulator
		{8150D461-9F6F-4DA1-A8FC-297ED664D224}.Debug|iPhoneSimulator.Build.0 = Debug|iPhoneSimulator
		{8150D461-9F6F-4DA1-A8FC-297ED664D224}.Debug|iPhoneSimulator.Deploy.0 = Debug|iPhoneSimulator
		{8150D461-9F6F-4DA1-A8FC-297ED664D224}.Debug|Mixed Platforms.ActiveCfg = Debug|iPhone
		{8150D461-9F6F-4DA1-A8FC-297ED664D224}.Debug|Mixed Platforms.Build.0 = Debug|iPhone
		{8150D461-9F6F-4DA1-A8FC-297ED664D224}.Debug|Mixed Platforms.Deploy.0 = Debug|iPhone
		{8150D461-9F6F-4DA1-A8FC-297ED664D224}.Debug|x64.ActiveCfg = Debug|iPhone
		{8150D461-9F6F-4DA1-A8FC-297ED664D224}.Debug|x86.ActiveCfg = Debug|iPhone
		{8150D461-9F6F-4DA1-A8FC-297ED664D224}.Release|Any CPU.ActiveCfg = Release|iPhone
		{8150D461-9F6F-4DA1-A8FC-297ED664D224}.Release|ARM.ActiveCfg = Release|iPhone
		{8150D461-9F6F-4DA1-A8FC-297ED664D224}.Release|iPhone.ActiveCfg = Release|iPhone
		{8150D461-9F6F-4DA1-A8FC-297ED664D224}.Release|iPhone.Build.0 = Release|iPhone
		{8150D461-9F6F-4DA1-A8FC-297ED664D224}.Release|iPhone.Deploy.0 = Release|iPhone
		{8150D461-9F6F-4DA1-A8FC-297ED664D224}.Release|iPhoneSimulator.ActiveCfg = Release|iPhoneSimulator
		{8150D461-9F6F-4DA1-A8FC-297ED664D224}.Release|iPhoneSimulator.Build.0 = Release|iPhoneSimulator
		{8150D461-9F6F-4DA1-A8FC-297ED664D224}.Release|iPhoneSimulator.Deploy.0 = Release|iPhoneSimulator
		{8150D461-9F6F-4DA1-A8FC-297ED664D224}.Release|Mixed Platforms.ActiveCfg = Release|iPhone
		{8150D461-9F6F-4DA1-A8FC-297ED664D224}.Release|Mixed Platforms.Build.0 = Release|iPhone
		{8150D461-9F6F-4DA1-A8FC-297ED664D224}.Release|Mixed Platforms.Deploy.0 = Release|iPhone
		{8150D461-9F6F-4DA1-A8FC-297ED664D224}.Release|x64.ActiveCfg = Release|iPhone
		{8150D461-9F6F-4DA1-A8FC-297ED664D224}.Release|x86.ActiveCfg = Release|iPhone
		{F60EF40D-84CF-4967-A4EF-4A2D49A3A477}.Ad-Hoc|Any CPU.ActiveCfg = Release|Any CPU
		{F60EF40D-84CF-4967-A4EF-4A2D49A3A477}.Ad-Hoc|Any CPU.Build.0 = Release|Any CPU
		{F60EF40D-84CF-4967-A4EF-4A2D49A3A477}.Ad-Hoc|Any CPU.Deploy.0 = Release|Any CPU
		{F60EF40D-84CF-4967-A4EF-4A2D49A3A477}.Ad-Hoc|ARM.ActiveCfg = Release|ARM
		{F60EF40D-84CF-4967-A4EF-4A2D49A3A477}.Ad-Hoc|ARM.Build.0 = Release|ARM
		{F60EF40D-84CF-4967-A4EF-4A2D49A3A477}.Ad-Hoc|ARM.Deploy.0 = Release|ARM
		{F60EF40D-84CF-4967-A4EF-4A2D49A3A477}.Ad-Hoc|iPhone.ActiveCfg = Release|Any CPU
		{F60EF40D-84CF-4967-A4EF-4A2D49A3A477}.Ad-Hoc|iPhoneSimulator.ActiveCfg = Release|Any CPU
		{F60EF40D-84CF-4967-A4EF-4A2D49A3A477}.Ad-Hoc|Mixed Platforms.ActiveCfg = Release|x86
		{F60EF40D-84CF-4967-A4EF-4A2D49A3A477}.Ad-Hoc|Mixed Platforms.Build.0 = Release|x86
		{F60EF40D-84CF-4967-A4EF-4A2D49A3A477}.Ad-Hoc|Mixed Platforms.Deploy.0 = Release|x86
		{F60EF40D-84CF-4967-A4EF-4A2D49A3A477}.Ad-Hoc|x64.ActiveCfg = Release|x64
		{F60EF40D-84CF-4967-A4EF-4A2D49A3A477}.Ad-Hoc|x64.Build.0 = Release|x64
		{F60EF40D-84CF-4967-A4EF-4A2D49A3A477}.Ad-Hoc|x64.Deploy.0 = Release|x64
		{F60EF40D-84CF-4967-A4EF-4A2D49A3A477}.Ad-Hoc|x86.ActiveCfg = Release|x86
		{F60EF40D-84CF-4967-A4EF-4A2D49A3A477}.Ad-Hoc|x86.Build.0 = Release|x86
		{F60EF40D-84CF-4967-A4EF-4A2D49A3A477}.Ad-Hoc|x86.Deploy.0 = Release|x86
		{F60EF40D-84CF-4967-A4EF-4A2D49A3A477}.AppStore|Any CPU.ActiveCfg = Release|Any CPU
		{F60EF40D-84CF-4967-A4EF-4A2D49A3A477}.AppStore|Any CPU.Build.0 = Release|Any CPU
		{F60EF40D-84CF-4967-A4EF-4A2D49A3A477}.AppStore|Any CPU.Deploy.0 = Release|Any CPU
		{F60EF40D-84CF-4967-A4EF-4A2D49A3A477}.AppStore|ARM.ActiveCfg = Release|ARM
		{F60EF40D-84CF-4967-A4EF-4A2D49A3A477}.AppStore|ARM.Build.0 = Release|ARM
		{F60EF40D-84CF-4967-A4EF-4A2D49A3A477}.AppStore|ARM.Deploy.0 = Release|ARM
		{F60EF40D-84CF-4967-A4EF-4A2D49A3A477}.AppStore|iPhone.ActiveCfg = Release|Any CPU
		{F60EF40D-84CF-4967-A4EF-4A2D49A3A477}.AppStore|iPhoneSimulator.ActiveCfg = Release|Any CPU
		{F60EF40D-84CF-4967-A4EF-4A2D49A3A477}.AppStore|Mixed Platforms.ActiveCfg = Release|x86
		{F60EF40D-84CF-4967-A4EF-4A2D49A3A477}.AppStore|Mixed Platforms.Build.0 = Release|x86
		{F60EF40D-84CF-4967-A4EF-4A2D49A3A477}.AppStore|Mixed Platforms.Deploy.0 = Release|x86
		{F60EF40D-84CF-4967-A4EF-4A2D49A3A477}.AppStore|x64.ActiveCfg = Release|x64
		{F60EF40D-84CF-4967-A4EF-4A2D49A3A477}.AppStore|x64.Build.0 = Release|x64
		{F60EF40D-84CF-4967-A4EF-4A2D49A3A477}.AppStore|x64.Deploy.0 = Release|x64
		{F60EF40D-84CF-4967-A4EF-4A2D49A3A477}.AppStore|x86.ActiveCfg = Release|x86
		{F60EF40D-84CF-4967-A4EF-4A2D49A3A477}.AppStore|x86.Build.0 = Release|x86
		{F60EF40D-84CF-4967-A4EF-4A2D49A3A477}.AppStore|x86.Deploy.0 = Release|x86
		{F60EF40D-84CF-4967-A4EF-4A2D49A3A477}.Debug|Any CPU.ActiveCfg = Debug|Any CPU
		{F60EF40D-84CF-4967-A4EF-4A2D49A3A477}.Debug|Any CPU.Build.0 = Debug|Any CPU
		{F60EF40D-84CF-4967-A4EF-4A2D49A3A477}.Debug|Any CPU.Deploy.0 = Debug|Any CPU
		{F60EF40D-84CF-4967-A4EF-4A2D49A3A477}.Debug|ARM.ActiveCfg = Debug|ARM
		{F60EF40D-84CF-4967-A4EF-4A2D49A3A477}.Debug|ARM.Build.0 = Debug|ARM
		{F60EF40D-84CF-4967-A4EF-4A2D49A3A477}.Debug|ARM.Deploy.0 = Debug|ARM
		{F60EF40D-84CF-4967-A4EF-4A2D49A3A477}.Debug|iPhone.ActiveCfg = Debug|Any CPU
		{F60EF40D-84CF-4967-A4EF-4A2D49A3A477}.Debug|iPhoneSimulator.ActiveCfg = Debug|Any CPU
		{F60EF40D-84CF-4967-A4EF-4A2D49A3A477}.Debug|Mixed Platforms.ActiveCfg = Debug|x86
		{F60EF40D-84CF-4967-A4EF-4A2D49A3A477}.Debug|Mixed Platforms.Build.0 = Debug|x86
		{F60EF40D-84CF-4967-A4EF-4A2D49A3A477}.Debug|Mixed Platforms.Deploy.0 = Debug|x86
		{F60EF40D-84CF-4967-A4EF-4A2D49A3A477}.Debug|x64.ActiveCfg = Debug|x64
		{F60EF40D-84CF-4967-A4EF-4A2D49A3A477}.Debug|x64.Build.0 = Debug|x64
		{F60EF40D-84CF-4967-A4EF-4A2D49A3A477}.Debug|x64.Deploy.0 = Debug|x64
		{F60EF40D-84CF-4967-A4EF-4A2D49A3A477}.Debug|x86.ActiveCfg = Debug|x86
		{F60EF40D-84CF-4967-A4EF-4A2D49A3A477}.Debug|x86.Build.0 = Debug|x86
		{F60EF40D-84CF-4967-A4EF-4A2D49A3A477}.Debug|x86.Deploy.0 = Debug|x86
		{F60EF40D-84CF-4967-A4EF-4A2D49A3A477}.Release|Any CPU.ActiveCfg = Release|Any CPU
		{F60EF40D-84CF-4967-A4EF-4A2D49A3A477}.Release|Any CPU.Build.0 = Release|Any CPU
		{F60EF40D-84CF-4967-A4EF-4A2D49A3A477}.Release|Any CPU.Deploy.0 = Release|Any CPU
		{F60EF40D-84CF-4967-A4EF-4A2D49A3A477}.Release|ARM.ActiveCfg = Release|ARM
		{F60EF40D-84CF-4967-A4EF-4A2D49A3A477}.Release|ARM.Build.0 = Release|ARM
		{F60EF40D-84CF-4967-A4EF-4A2D49A3A477}.Release|ARM.Deploy.0 = Release|ARM
		{F60EF40D-84CF-4967-A4EF-4A2D49A3A477}.Release|iPhone.ActiveCfg = Release|Any CPU
		{F60EF40D-84CF-4967-A4EF-4A2D49A3A477}.Release|iPhoneSimulator.ActiveCfg = Release|Any CPU
		{F60EF40D-84CF-4967-A4EF-4A2D49A3A477}.Release|Mixed Platforms.ActiveCfg = Release|x86
		{F60EF40D-84CF-4967-A4EF-4A2D49A3A477}.Release|Mixed Platforms.Build.0 = Release|x86
		{F60EF40D-84CF-4967-A4EF-4A2D49A3A477}.Release|Mixed Platforms.Deploy.0 = Release|x86
		{F60EF40D-84CF-4967-A4EF-4A2D49A3A477}.Release|x64.ActiveCfg = Release|x64
		{F60EF40D-84CF-4967-A4EF-4A2D49A3A477}.Release|x64.Build.0 = Release|x64
		{F60EF40D-84CF-4967-A4EF-4A2D49A3A477}.Release|x64.Deploy.0 = Release|x64
		{F60EF40D-84CF-4967-A4EF-4A2D49A3A477}.Release|x86.ActiveCfg = Release|x86
		{F60EF40D-84CF-4967-A4EF-4A2D49A3A477}.Release|x86.Build.0 = Release|x86
		{F60EF40D-84CF-4967-A4EF-4A2D49A3A477}.Release|x86.Deploy.0 = Release|x86
		{BB7E82A4-24B0-40F2-AC2A-09B52D28C369}.Ad-Hoc|Any CPU.ActiveCfg = Release|Any CPU
		{BB7E82A4-24B0-40F2-AC2A-09B52D28C369}.Ad-Hoc|Any CPU.Build.0 = Release|Any CPU
		{BB7E82A4-24B0-40F2-AC2A-09B52D28C369}.Ad-Hoc|Any CPU.Deploy.0 = Release|Any CPU
		{BB7E82A4-24B0-40F2-AC2A-09B52D28C369}.Ad-Hoc|ARM.ActiveCfg = Release|ARM
		{BB7E82A4-24B0-40F2-AC2A-09B52D28C369}.Ad-Hoc|ARM.Build.0 = Release|ARM
		{BB7E82A4-24B0-40F2-AC2A-09B52D28C369}.Ad-Hoc|ARM.Deploy.0 = Release|ARM
		{BB7E82A4-24B0-40F2-AC2A-09B52D28C369}.Ad-Hoc|iPhone.ActiveCfg = Release|Any CPU
		{BB7E82A4-24B0-40F2-AC2A-09B52D28C369}.Ad-Hoc|iPhoneSimulator.ActiveCfg = Release|Any CPU
		{BB7E82A4-24B0-40F2-AC2A-09B52D28C369}.Ad-Hoc|Mixed Platforms.ActiveCfg = Release|x86
		{BB7E82A4-24B0-40F2-AC2A-09B52D28C369}.Ad-Hoc|Mixed Platforms.Build.0 = Release|x86
		{BB7E82A4-24B0-40F2-AC2A-09B52D28C369}.Ad-Hoc|Mixed Platforms.Deploy.0 = Release|x86
		{BB7E82A4-24B0-40F2-AC2A-09B52D28C369}.Ad-Hoc|x64.ActiveCfg = Release|Any CPU
		{BB7E82A4-24B0-40F2-AC2A-09B52D28C369}.Ad-Hoc|x86.ActiveCfg = Release|x86
		{BB7E82A4-24B0-40F2-AC2A-09B52D28C369}.Ad-Hoc|x86.Build.0 = Release|x86
		{BB7E82A4-24B0-40F2-AC2A-09B52D28C369}.Ad-Hoc|x86.Deploy.0 = Release|x86
		{BB7E82A4-24B0-40F2-AC2A-09B52D28C369}.AppStore|Any CPU.ActiveCfg = Release|Any CPU
		{BB7E82A4-24B0-40F2-AC2A-09B52D28C369}.AppStore|Any CPU.Build.0 = Release|Any CPU
		{BB7E82A4-24B0-40F2-AC2A-09B52D28C369}.AppStore|Any CPU.Deploy.0 = Release|Any CPU
		{BB7E82A4-24B0-40F2-AC2A-09B52D28C369}.AppStore|ARM.ActiveCfg = Release|ARM
		{BB7E82A4-24B0-40F2-AC2A-09B52D28C369}.AppStore|ARM.Build.0 = Release|ARM
		{BB7E82A4-24B0-40F2-AC2A-09B52D28C369}.AppStore|ARM.Deploy.0 = Release|ARM
		{BB7E82A4-24B0-40F2-AC2A-09B52D28C369}.AppStore|iPhone.ActiveCfg = Release|Any CPU
		{BB7E82A4-24B0-40F2-AC2A-09B52D28C369}.AppStore|iPhoneSimulator.ActiveCfg = Release|Any CPU
		{BB7E82A4-24B0-40F2-AC2A-09B52D28C369}.AppStore|Mixed Platforms.ActiveCfg = Release|x86
		{BB7E82A4-24B0-40F2-AC2A-09B52D28C369}.AppStore|Mixed Platforms.Build.0 = Release|x86
		{BB7E82A4-24B0-40F2-AC2A-09B52D28C369}.AppStore|Mixed Platforms.Deploy.0 = Release|x86
		{BB7E82A4-24B0-40F2-AC2A-09B52D28C369}.AppStore|x64.ActiveCfg = Release|Any CPU
		{BB7E82A4-24B0-40F2-AC2A-09B52D28C369}.AppStore|x86.ActiveCfg = Release|x86
		{BB7E82A4-24B0-40F2-AC2A-09B52D28C369}.AppStore|x86.Build.0 = Release|x86
		{BB7E82A4-24B0-40F2-AC2A-09B52D28C369}.AppStore|x86.Deploy.0 = Release|x86
		{BB7E82A4-24B0-40F2-AC2A-09B52D28C369}.Debug|Any CPU.ActiveCfg = Debug|Any CPU
		{BB7E82A4-24B0-40F2-AC2A-09B52D28C369}.Debug|Any CPU.Build.0 = Debug|Any CPU
		{BB7E82A4-24B0-40F2-AC2A-09B52D28C369}.Debug|Any CPU.Deploy.0 = Debug|Any CPU
		{BB7E82A4-24B0-40F2-AC2A-09B52D28C369}.Debug|ARM.ActiveCfg = Debug|ARM
		{BB7E82A4-24B0-40F2-AC2A-09B52D28C369}.Debug|ARM.Build.0 = Debug|ARM
		{BB7E82A4-24B0-40F2-AC2A-09B52D28C369}.Debug|ARM.Deploy.0 = Debug|ARM
		{BB7E82A4-24B0-40F2-AC2A-09B52D28C369}.Debug|iPhone.ActiveCfg = Debug|Any CPU
		{BB7E82A4-24B0-40F2-AC2A-09B52D28C369}.Debug|iPhoneSimulator.ActiveCfg = Debug|Any CPU
		{BB7E82A4-24B0-40F2-AC2A-09B52D28C369}.Debug|Mixed Platforms.ActiveCfg = Debug|x86
		{BB7E82A4-24B0-40F2-AC2A-09B52D28C369}.Debug|Mixed Platforms.Build.0 = Debug|x86
		{BB7E82A4-24B0-40F2-AC2A-09B52D28C369}.Debug|Mixed Platforms.Deploy.0 = Debug|x86
		{BB7E82A4-24B0-40F2-AC2A-09B52D28C369}.Debug|x64.ActiveCfg = Debug|Any CPU
		{BB7E82A4-24B0-40F2-AC2A-09B52D28C369}.Debug|x86.ActiveCfg = Debug|x86
		{BB7E82A4-24B0-40F2-AC2A-09B52D28C369}.Debug|x86.Build.0 = Debug|x86
		{BB7E82A4-24B0-40F2-AC2A-09B52D28C369}.Debug|x86.Deploy.0 = Debug|x86
		{BB7E82A4-24B0-40F2-AC2A-09B52D28C369}.Release|Any CPU.ActiveCfg = Release|Any CPU
		{BB7E82A4-24B0-40F2-AC2A-09B52D28C369}.Release|Any CPU.Build.0 = Release|Any CPU
		{BB7E82A4-24B0-40F2-AC2A-09B52D28C369}.Release|Any CPU.Deploy.0 = Release|Any CPU
		{BB7E82A4-24B0-40F2-AC2A-09B52D28C369}.Release|ARM.ActiveCfg = Release|ARM
		{BB7E82A4-24B0-40F2-AC2A-09B52D28C369}.Release|ARM.Build.0 = Release|ARM
		{BB7E82A4-24B0-40F2-AC2A-09B52D28C369}.Release|ARM.Deploy.0 = Release|ARM
		{BB7E82A4-24B0-40F2-AC2A-09B52D28C369}.Release|iPhone.ActiveCfg = Release|Any CPU
		{BB7E82A4-24B0-40F2-AC2A-09B52D28C369}.Release|iPhoneSimulator.ActiveCfg = Release|Any CPU
		{BB7E82A4-24B0-40F2-AC2A-09B52D28C369}.Release|Mixed Platforms.ActiveCfg = Release|x86
		{BB7E82A4-24B0-40F2-AC2A-09B52D28C369}.Release|Mixed Platforms.Build.0 = Release|x86
		{BB7E82A4-24B0-40F2-AC2A-09B52D28C369}.Release|Mixed Platforms.Deploy.0 = Release|x86
		{BB7E82A4-24B0-40F2-AC2A-09B52D28C369}.Release|x64.ActiveCfg = Release|Any CPU
		{BB7E82A4-24B0-40F2-AC2A-09B52D28C369}.Release|x86.ActiveCfg = Release|x86
		{BB7E82A4-24B0-40F2-AC2A-09B52D28C369}.Release|x86.Build.0 = Release|x86
		{BB7E82A4-24B0-40F2-AC2A-09B52D28C369}.Release|x86.Deploy.0 = Release|x86
	EndGlobalSection
	GlobalSection(SolutionProperties) = preSolution
		HideSolutionNode = FALSE
	EndGlobalSection
	GlobalSection(NestedProjects) = preSolution
		{DB98FE0B-5EEC-45F1-88B6-561ED77DEC2A} = {904733E9-C363-46DA-9ADF-BC1C25E17966}
		{F60EF40D-84CF-4967-A4EF-4A2D49A3A477} = {904733E9-C363-46DA-9ADF-BC1C25E17966}
		{BB7E82A4-24B0-40F2-AC2A-09B52D28C369} = {904733E9-C363-46DA-9ADF-BC1C25E17966}
	EndGlobalSection
EndGlobal
